
Microsoft Visual Studio Solution File, Format Version 12.00
# Visual Studio Version 16
VisualStudioVersion = 16.0.29613.14
MinimumVisualStudioVersion = 10.0.40219.1
Project("{FAE04EC0-301F-11D3-BF4B-00C04F79EFBC}") = "ISRPO_Palashicheva_PR3.1", "ISRPO_Palashicheva_PR3.1.csproj", "{7AE5886D-D863-4EDF-92E6-85C9A88AC01F}"
EndProject
Global
	GlobalSection(SolutionConfigurationPlatforms) = preSolution
		Debug|Any CPU = Debug|Any CPU
		Release|Any CPU = Release|Any CPU
	EndGlobalSection
	GlobalSection(ProjectConfigurationPlatforms) = postSolution
		{7AE5886D-D863-4EDF-92E6-85C9A88AC01F}.Debug|Any CPU.ActiveCfg = Debug|Any CPU
		{7AE5886D-D863-4EDF-92E6-85C9A88AC01F}.Debug|Any CPU.Build.0 = Debug|Any CPU
		{7AE5886D-D863-4EDF-92E6-85C9A88AC01F}.Release|Any CPU.ActiveCfg = Release|Any CPU
		{7AE5886D-D863-4EDF-92E6-85C9A88AC01F}.Release|Any CPU.Build.0 = Release|Any CPU
	EndGlobalSection
	GlobalSection(SolutionProperties) = preSolution
		HideSolutionNode = FALSE
	EndGlobalSection
	GlobalSection(ExtensibilityGlobals) = postSolution
		SolutionGuid = {BA7B6A7C-8A83-4915-8FB4-F4295DD97224}
	EndGlobalSection
EndGlobal
